
Microsoft Visual Studio Solution File, Format Version 12.00
# Visual Studio Version 16
VisualStudioVersion = 16.0.30413.136
MinimumVisualStudioVersion = 10.0.40219.1
Project("{9A19103F-16F7-4668-BE54-9A1E7A4F7556}") = "TaskGenerator", "TaskGenerator\TaskGenerator.csproj", "{48C62796-3835-44C7-997B-4F248917DC0C}"
EndProject
Global
	GlobalSection(SolutionConfigurationPlatforms) = preSolution
		Debug|Any CPU = Debug|Any CPU
		Release|Any CPU = Release|Any CPU
	EndGlobalSection
	GlobalSection(ProjectConfigurationPlatforms) = postSolution
		{48C62796-3835-44C7-997B-4F248917DC0C}.Debug|Any CPU.ActiveCfg = Debug|Any CPU
		{48C62796-3835-44C7-997B-4F248917DC0C}.Debug|Any CPU.Build.0 = Debug|Any CPU
		{48C62796-3835-44C7-997B-4F248917DC0C}.Release|Any CPU.ActiveCfg = Release|Any CPU
		{48C62796-3835-44C7-997B-4F248917DC0C}.Release|Any CPU.Build.0 = Release|Any CPU
	EndGlobalSection
	GlobalSection(SolutionProperties) = preSolution
		HideSolutionNode = FALSE
	EndGlobalSection
	GlobalSection(ExtensibilityGlobals) = postSolution
		SolutionGuid = {C6E7C7B2-92AB-4EE3-891E-B9674F5661D9}
	EndGlobalSection
EndGlobal
